
Microsoft Visual Studio Solution File, Format Version 12.00
# Visual Studio Version 17
VisualStudioVersion = 17.9.34728.123
MinimumVisualStudioVersion = 10.0.40219.1
Project("{FAE04EC0-301F-11D3-BF4B-00C04F79EFBC}") = "DealPlaner", "DealPlaner.csproj", "{6E4C9392-7AE6-4095-BA0B-C5C74C5784C6}"
EndProject
Global
	GlobalSection(SolutionConfigurationPlatforms) = preSolution
		Debug|Any CPU = Debug|Any CPU
		Release|Any CPU = Release|Any CPU
	EndGlobalSection
	GlobalSection(ProjectConfigurationPlatforms) = postSolution
		{6E4C9392-7AE6-4095-BA0B-C5C74C5784C6}.Debug|Any CPU.ActiveCfg = Debug|Any CPU
		{6E4C9392-7AE6-4095-BA0B-C5C74C5784C6}.Debug|Any CPU.Build.0 = Debug|Any CPU
		{6E4C9392-7AE6-4095-BA0B-C5C74C5784C6}.Release|Any CPU.ActiveCfg = Release|Any CPU
		{6E4C9392-7AE6-4095-BA0B-C5C74C5784C6}.Release|Any CPU.Build.0 = Release|Any CPU
	EndGlobalSection
	GlobalSection(SolutionProperties) = preSolution
		HideSolutionNode = FALSE
	EndGlobalSection
	GlobalSection(ExtensibilityGlobals) = postSolution
		SolutionGuid = {EC9334A0-C7DF-4EC2-BEFE-104D33322362}
	EndGlobalSection
EndGlobal
